{
  "name": "newyears-gamejam",
  "version": "1.0.0",
  "lockfileVersion": 1,
  "requires": true,
  "dependencies": {
    "josh_js_util": {
      "version": "0.0.9",
      "resolved": "https://registry.npmjs.org/josh_js_util/-/josh_js_util-0.0.9.tgz",
      "integrity": "sha512-KhG39TcFuJfSIVHfnPJKsKRWV7etYDdzKnnPriBYcOhthsyR+mrqcu+Sju6hZMBT9ZMHDk7t/lcFeYxwuEFNmw==",
      "requires": {
        "typescript": "^4.7.4"
      }
    },
    "typescript": {
      "version": "4.9.4",
      "resolved": "https://registry.npmjs.org/typescript/-/typescript-4.9.4.tgz",
      "integrity": "sha512-Uz+dTXYzxXXbsFpM86Wh3dKCxrQqUcVMxwU54orwlJjOpO3ao8L7j5lH+dWfTwgCwIuM9GQ2kvVotzYJMXTBZg=="
    }
  }
}
