{
  "name": "newyears-gamejam",
  "version": "1.0.0",
  "lockfileVersion": 2,
  "requires": true,
  "packages": {
    "": {
      "name": "newyears-gamejam",
      "version": "1.0.0",
      "license": "ISC",
      "dependencies": {
        "josh_js_util": "^0.0.9"
      }
    },
    "node_modules/josh_js_util": {
      "version": "0.0.9",
      "resolved": "https://registry.npmjs.org/josh_js_util/-/josh_js_util-0.0.9.tgz",
      "integrity": "sha512-KhG39TcFuJfSIVHfnPJKsKRWV7etYDdzKnnPriBYcOhthsyR+mrqcu+Sju6hZMBT9ZMHDk7t/lcFeYxwuEFNmw==",
      "dependencies": {
        "typescript": "^4.7.4"
      }
    },
    "node_modules/typescript": {
      "version": "4.9.4",
      "resolved": "https://registry.npmjs.org/typescript/-/typescript-4.9.4.tgz",
      "integrity": "sha512-Uz+dTXYzxXXbsFpM86Wh3dKCxrQqUcVMxwU54orwlJjOpO3ao8L7j5lH+dWfTwgCwIuM9GQ2kvVotzYJMXTBZg==",
      "bin": {
        "tsc": "bin/tsc",
        "tsserver": "bin/tsserver"
      },
      "engines": {
        "node": ">=4.2.0"
      }
    }
  },
  "dependencies": {
    "josh_js_util": {
      "version": "0.0.9",
      "resolved": "https://registry.npmjs.org/josh_js_util/-/josh_js_util-0.0.9.tgz",
      "integrity": "sha512-KhG39TcFuJfSIVHfnPJKsKRWV7etYDdzKnnPriBYcOhthsyR+mrqcu+Sju6hZMBT9ZMHDk7t/lcFeYxwuEFNmw==",
      "requires": {
        "typescript": "^4.7.4"
      }
    },
    "typescript": {
      "version": "4.9.4",
      "resolved": "https://registry.npmjs.org/typescript/-/typescript-4.9.4.tgz",
      "integrity": "sha512-Uz+dTXYzxXXbsFpM86Wh3dKCxrQqUcVMxwU54orwlJjOpO3ao8L7j5lH+dWfTwgCwIuM9GQ2kvVotzYJMXTBZg=="
    }
  }
}
